<?xml version="1.0" encoding="UTF-8" standalone="yes" ?>
<CodeBlocks_project_file>
   <FileVersion major="1" minor="6" />
   <Project>
      <Option title="SO-ITC2007" />
      <Option makefile_is_custom="1" />
      <Option compiler="gcc" />
      <Option virtualFolders="CMake Files\;CMake Files\lib\;CMake Files\lib\algorithms\;CMake Files\lib\chromosome\;CMake Files\lib\containers\;CMake Files\lib\data\;CMake Files\lib\eval\;CMake Files\lib\graphColouring\;CMake Files\lib\init\;CMake Files\lib\kempeChain\;CMake Files\lib\neighbourhood\;CMake Files\lib\testset\;CMake Files\lib\utils\;CMake Files\exes\;" />
      <Build>
      <Target title="all">
         <Option working_dir="/home/nuno/Nuno/PhD/Project/GitHub Projects/GitHub Project ITC2007 - COR2015/build-cMA-ETP-ITC2007-Desktop-Default" />
         <Option type="4" />
         <MakeCommands>
            <Build command="/usr/bin/make -f &quot;/home/nuno/Nuno/PhD/Project/GitHub\ Projects/GitHub\ Project\ ITC2007\ -\ COR2015/build-cMA-ETP-ITC2007-Desktop-Default/Makefile&quot;  VERBOSE=1 all" />
            <CompileFile command="/usr/bin/make -f &quot;/home/nuno/Nuno/PhD/Project/GitHub\ Projects/GitHub\ Project\ ITC2007\ -\ COR2015/build-cMA-ETP-ITC2007-Desktop-Default/Makefile&quot;  VERBOSE=1 &quot;$file&quot;" />
            <Clean command="/usr/bin/make -f &quot;/home/nuno/Nuno/PhD/Project/GitHub\ Projects/GitHub\ Project\ ITC2007\ -\ COR2015/build-cMA-ETP-ITC2007-Desktop-Default/Makefile&quot;  VERBOSE=1 clean" />
            <DistClean command="/usr/bin/make -f &quot;/home/nuno/Nuno/PhD/Project/GitHub\ Projects/GitHub\ Project\ ITC2007\ -\ COR2015/build-cMA-ETP-ITC2007-Desktop-Default/Makefile&quot;  VERBOSE=1 clean" />
         </MakeCommands>
      </Target>
      <Target title="rebuild_cache">
         <Option working_dir="/home/nuno/Nuno/PhD/Project/GitHub Projects/GitHub Project ITC2007 - COR2015/build-cMA-ETP-ITC2007-Desktop-Default" />
         <Option type="4" />
         <MakeCommands>
            <Build command="/usr/bin/make -f &quot;/home/nuno/Nuno/PhD/Project/GitHub\ Projects/GitHub\ Project\ ITC2007\ -\ COR2015/build-cMA-ETP-ITC2007-Desktop-Default/Makefile&quot;  VERBOSE=1 rebuild_cache" />
            <CompileFile command="/usr/bin/make -f &quot;/home/nuno/Nuno/PhD/Project/GitHub\ Projects/GitHub\ Project\ ITC2007\ -\ COR2015/build-cMA-ETP-ITC2007-Desktop-Default/Makefile&quot;  VERBOSE=1 &quot;$file&quot;" />
            <Clean command="/usr/bin/make -f &quot;/home/nuno/Nuno/PhD/Project/GitHub\ Projects/GitHub\ Project\ ITC2007\ -\ COR2015/build-cMA-ETP-ITC2007-Desktop-Default/Makefile&quot;  VERBOSE=1 clean" />
            <DistClean command="/usr/bin/make -f &quot;/home/nuno/Nuno/PhD/Project/GitHub\ Projects/GitHub\ Project\ ITC2007\ -\ COR2015/build-cMA-ETP-ITC2007-Desktop-Default/Makefile&quot;  VERBOSE=1 clean" />
         </MakeCommands>
      </Target>
      <Target title="SOlib">
         <Option output="/home/nuno/Nuno/PhD/Project/GitHub Projects/GitHub Project ITC2007 - COR2015/build-cMA-ETP-ITC2007-Desktop-Default/lib/libSOlib.so" prefix_auto="0" extension_auto="0" />
         <Option working_dir="/home/nuno/Nuno/PhD/Project/GitHub Projects/GitHub Project ITC2007 - COR2015/build-cMA-ETP-ITC2007-Desktop-Default/lib" />
         <Option object_output="./" />
         <Option type="3" />
         <Option compiler="gcc" />
         <Compiler>
            <Add directory="/../ext/include/ParadisEO-2.0/eo/src" />
            <Add directory="/../ext/include/ParadisEO-2.0/mo/src" />
            <Add directory="/../ext/include/ParadisEO-2.0/moeo/src" />
            <Add directory="/home/nuno/Nuno/PhD/Project/GitHub Projects/GitHub Project ITC2007 - COR2015/cMA-ETP-ITC2007/exes" />
            <Add directory="/home/nuno/Nuno/PhD/Project/GitHub Projects/GitHub Project ITC2007 - COR2015/cMA-ETP-ITC2007/lib" />
            <Add directory="/home/nuno/Nuno/PhD/Project/GitHub Projects/GitHub Project ITC2007 - COR2015/cMA-ETP-ITC2007/lib/../../ext/include/ParadisEO-2.0/eo/src" />
            <Add directory="/home/nuno/Nuno/PhD/Project/GitHub Projects/GitHub Project ITC2007 - COR2015/cMA-ETP-ITC2007/lib/../../ext/include/ParadisEO-2.0/mo/src" />
            <Add directory="/home/nuno/Nuno/PhD/Project/GitHub Projects/GitHub Project ITC2007 - COR2015/cMA-ETP-ITC2007/lib/../../ext/include/ParadisEO-2.0/moeo/src" />
            <Add directory="/home/nuno/Nuno/PhD/Project/GitHub Projects/GitHub Project ITC2007 - COR2015/cMA-ETP-ITC2007/lib/chromosome" />
            <Add directory="/usr/include" />
            <Add directory="/usr/include/c++/4.8" />
            <Add directory="/usr/include/c++/4.8/backward" />
            <Add directory="/usr/include/x86_64-linux-gnu" />
            <Add directory="/usr/include/x86_64-linux-gnu/c++/4.8" />
            <Add directory="/usr/lib/gcc/x86_64-linux-gnu/4.8/include" />
            <Add directory="/usr/lib/gcc/x86_64-linux-gnu/4.8/include-fixed" />
            <Add directory="/usr/local/include" />
         </Compiler>
         <MakeCommands>
            <Build command="/usr/bin/make -f &quot;/home/nuno/Nuno/PhD/Project/GitHub\ Projects/GitHub\ Project\ ITC2007\ -\ COR2015/build-cMA-ETP-ITC2007-Desktop-Default/lib/Makefile&quot;  VERBOSE=1 SOlib" />
            <CompileFile command="/usr/bin/make -f &quot;/home/nuno/Nuno/PhD/Project/GitHub\ Projects/GitHub\ Project\ ITC2007\ -\ COR2015/build-cMA-ETP-ITC2007-Desktop-Default/lib/Makefile&quot;  VERBOSE=1 &quot;$file&quot;" />
            <Clean command="/usr/bin/make -f &quot;/home/nuno/Nuno/PhD/Project/GitHub\ Projects/GitHub\ Project\ ITC2007\ -\ COR2015/build-cMA-ETP-ITC2007-Desktop-Default/lib/Makefile&quot;  VERBOSE=1 clean" />
            <DistClean command="/usr/bin/make -f &quot;/home/nuno/Nuno/PhD/Project/GitHub\ Projects/GitHub\ Project\ ITC2007\ -\ COR2015/build-cMA-ETP-ITC2007-Desktop-Default/lib/Makefile&quot;  VERBOSE=1 clean" />
         </MakeCommands>
      </Target>
      <Target title="SOlib/fast">
         <Option output="/home/nuno/Nuno/PhD/Project/GitHub Projects/GitHub Project ITC2007 - COR2015/build-cMA-ETP-ITC2007-Desktop-Default/lib/libSOlib.so" prefix_auto="0" extension_auto="0" />
         <Option working_dir="/home/nuno/Nuno/PhD/Project/GitHub Projects/GitHub Project ITC2007 - COR2015/build-cMA-ETP-ITC2007-Desktop-Default/lib" />
         <Option object_output="./" />
         <Option type="3" />
         <Option compiler="gcc" />
         <Compiler>
            <Add directory="/../ext/include/ParadisEO-2.0/eo/src" />
            <Add directory="/../ext/include/ParadisEO-2.0/mo/src" />
            <Add directory="/../ext/include/ParadisEO-2.0/moeo/src" />
            <Add directory="/home/nuno/Nuno/PhD/Project/GitHub Projects/GitHub Project ITC2007 - COR2015/cMA-ETP-ITC2007/exes" />
            <Add directory="/home/nuno/Nuno/PhD/Project/GitHub Projects/GitHub Project ITC2007 - COR2015/cMA-ETP-ITC2007/lib" />
            <Add directory="/home/nuno/Nuno/PhD/Project/GitHub Projects/GitHub Project ITC2007 - COR2015/cMA-ETP-ITC2007/lib/../../ext/include/ParadisEO-2.0/eo/src" />
            <Add directory="/home/nuno/Nuno/PhD/Project/GitHub Projects/GitHub Project ITC2007 - COR2015/cMA-ETP-ITC2007/lib/../../ext/include/ParadisEO-2.0/mo/src" />
            <Add directory="/home/nuno/Nuno/PhD/Project/GitHub Projects/GitHub Project ITC2007 - COR2015/cMA-ETP-ITC2007/lib/../../ext/include/ParadisEO-2.0/moeo/src" />
            <Add directory="/home/nuno/Nuno/PhD/Project/GitHub Projects/GitHub Project ITC2007 - COR2015/cMA-ETP-ITC2007/lib/chromosome" />
            <Add directory="/usr/include" />
            <Add directory="/usr/include/c++/4.8" />
            <Add directory="/usr/include/c++/4.8/backward" />
            <Add directory="/usr/include/x86_64-linux-gnu" />
            <Add directory="/usr/include/x86_64-linux-gnu/c++/4.8" />
            <Add directory="/usr/lib/gcc/x86_64-linux-gnu/4.8/include" />
            <Add directory="/usr/lib/gcc/x86_64-linux-gnu/4.8/include-fixed" />
            <Add directory="/usr/local/include" />
         </Compiler>
         <MakeCommands>
            <Build command="/usr/bin/make -f &quot;/home/nuno/Nuno/PhD/Project/GitHub\ Projects/GitHub\ Project\ ITC2007\ -\ COR2015/build-cMA-ETP-ITC2007-Desktop-Default/lib/Makefile&quot;  VERBOSE=1 SOlib/fast" />
            <CompileFile command="/usr/bin/make -f &quot;/home/nuno/Nuno/PhD/Project/GitHub\ Projects/GitHub\ Project\ ITC2007\ -\ COR2015/build-cMA-ETP-ITC2007-Desktop-Default/lib/Makefile&quot;  VERBOSE=1 &quot;$file&quot;" />
            <Clean command="/usr/bin/make -f &quot;/home/nuno/Nuno/PhD/Project/GitHub\ Projects/GitHub\ Project\ ITC2007\ -\ COR2015/build-cMA-ETP-ITC2007-Desktop-Default/lib/Makefile&quot;  VERBOSE=1 clean" />
            <DistClean command="/usr/bin/make -f &quot;/home/nuno/Nuno/PhD/Project/GitHub\ Projects/GitHub\ Project\ ITC2007\ -\ COR2015/build-cMA-ETP-ITC2007-Desktop-Default/lib/Makefile&quot;  VERBOSE=1 clean" />
         </MakeCommands>
      </Target>
      <Target title="exes">
         <Option output="/home/nuno/Nuno/PhD/Project/GitHub Projects/GitHub Project ITC2007 - COR2015/build-cMA-ETP-ITC2007-Desktop-Default/exes/exes" prefix_auto="0" extension_auto="0" />
         <Option working_dir="/home/nuno/Nuno/PhD/Project/GitHub Projects/GitHub Project ITC2007 - COR2015/build-cMA-ETP-ITC2007-Desktop-Default/exes" />
         <Option object_output="./" />
         <Option type="1" />
         <Option compiler="gcc" />
         <Compiler>
            <Add directory="/../ext/include/ParadisEO-2.0/eo/src" />
            <Add directory="/../ext/include/ParadisEO-2.0/mo/src" />
            <Add directory="/../ext/include/ParadisEO-2.0/moeo/src" />
            <Add directory="/home/nuno/Nuno/PhD/Project/GitHub Projects/GitHub Project ITC2007 - COR2015/cMA-ETP-ITC2007/exes" />
            <Add directory="/home/nuno/Nuno/PhD/Project/GitHub Projects/GitHub Project ITC2007 - COR2015/cMA-ETP-ITC2007/lib" />
            <Add directory="/home/nuno/Nuno/PhD/Project/GitHub Projects/GitHub Project ITC2007 - COR2015/cMA-ETP-ITC2007/lib/chromosome" />
            <Add directory="/usr/include" />
            <Add directory="/usr/include/c++/4.8" />
            <Add directory="/usr/include/c++/4.8/backward" />
            <Add directory="/usr/include/x86_64-linux-gnu" />
            <Add directory="/usr/include/x86_64-linux-gnu/c++/4.8" />
            <Add directory="/usr/lib/gcc/x86_64-linux-gnu/4.8/include" />
            <Add directory="/usr/lib/gcc/x86_64-linux-gnu/4.8/include-fixed" />
            <Add directory="/usr/local/include" />
         </Compiler>
         <MakeCommands>
            <Build command="/usr/bin/make -f &quot;/home/nuno/Nuno/PhD/Project/GitHub\ Projects/GitHub\ Project\ ITC2007\ -\ COR2015/build-cMA-ETP-ITC2007-Desktop-Default/exes/Makefile&quot;  VERBOSE=1 exes" />
            <CompileFile command="/usr/bin/make -f &quot;/home/nuno/Nuno/PhD/Project/GitHub\ Projects/GitHub\ Project\ ITC2007\ -\ COR2015/build-cMA-ETP-ITC2007-Desktop-Default/exes/Makefile&quot;  VERBOSE=1 &quot;$file&quot;" />
            <Clean command="/usr/bin/make -f &quot;/home/nuno/Nuno/PhD/Project/GitHub\ Projects/GitHub\ Project\ ITC2007\ -\ COR2015/build-cMA-ETP-ITC2007-Desktop-Default/exes/Makefile&quot;  VERBOSE=1 clean" />
            <DistClean command="/usr/bin/make -f &quot;/home/nuno/Nuno/PhD/Project/GitHub\ Projects/GitHub\ Project\ ITC2007\ -\ COR2015/build-cMA-ETP-ITC2007-Desktop-Default/exes/Makefile&quot;  VERBOSE=1 clean" />
         </MakeCommands>
      </Target>
      <Target title="exes/fast">
         <Option output="/home/nuno/Nuno/PhD/Project/GitHub Projects/GitHub Project ITC2007 - COR2015/build-cMA-ETP-ITC2007-Desktop-Default/exes/exes" prefix_auto="0" extension_auto="0" />
         <Option working_dir="/home/nuno/Nuno/PhD/Project/GitHub Projects/GitHub Project ITC2007 - COR2015/build-cMA-ETP-ITC2007-Desktop-Default/exes" />
         <Option object_output="./" />
         <Option type="1" />
         <Option compiler="gcc" />
         <Compiler>
            <Add directory="/../ext/include/ParadisEO-2.0/eo/src" />
            <Add directory="/../ext/include/ParadisEO-2.0/mo/src" />
            <Add directory="/../ext/include/ParadisEO-2.0/moeo/src" />
            <Add directory="/home/nuno/Nuno/PhD/Project/GitHub Projects/GitHub Project ITC2007 - COR2015/cMA-ETP-ITC2007/exes" />
            <Add directory="/home/nuno/Nuno/PhD/Project/GitHub Projects/GitHub Project ITC2007 - COR2015/cMA-ETP-ITC2007/lib" />
            <Add directory="/home/nuno/Nuno/PhD/Project/GitHub Projects/GitHub Project ITC2007 - COR2015/cMA-ETP-ITC2007/lib/chromosome" />
            <Add directory="/usr/include" />
            <Add directory="/usr/include/c++/4.8" />
            <Add directory="/usr/include/c++/4.8/backward" />
            <Add directory="/usr/include/x86_64-linux-gnu" />
            <Add directory="/usr/include/x86_64-linux-gnu/c++/4.8" />
            <Add directory="/usr/lib/gcc/x86_64-linux-gnu/4.8/include" />
            <Add directory="/usr/lib/gcc/x86_64-linux-gnu/4.8/include-fixed" />
            <Add directory="/usr/local/include" />
         </Compiler>
         <MakeCommands>
            <Build command="/usr/bin/make -f &quot;/home/nuno/Nuno/PhD/Project/GitHub\ Projects/GitHub\ Project\ ITC2007\ -\ COR2015/build-cMA-ETP-ITC2007-Desktop-Default/exes/Makefile&quot;  VERBOSE=1 exes/fast" />
            <CompileFile command="/usr/bin/make -f &quot;/home/nuno/Nuno/PhD/Project/GitHub\ Projects/GitHub\ Project\ ITC2007\ -\ COR2015/build-cMA-ETP-ITC2007-Desktop-Default/exes/Makefile&quot;  VERBOSE=1 &quot;$file&quot;" />
            <Clean command="/usr/bin/make -f &quot;/home/nuno/Nuno/PhD/Project/GitHub\ Projects/GitHub\ Project\ ITC2007\ -\ COR2015/build-cMA-ETP-ITC2007-Desktop-Default/exes/Makefile&quot;  VERBOSE=1 clean" />
            <DistClean command="/usr/bin/make -f &quot;/home/nuno/Nuno/PhD/Project/GitHub\ Projects/GitHub\ Project\ ITC2007\ -\ COR2015/build-cMA-ETP-ITC2007-Desktop-Default/exes/Makefile&quot;  VERBOSE=1 clean" />
         </MakeCommands>
      </Target>
      </Build>
      <Unit filename="/home/nuno/Nuno/PhD/Project/GitHub Projects/GitHub Project ITC2007 - COR2015/cMA-ETP-ITC2007/exes/TestSO.cpp">
      </Unit>
      <Unit filename="/home/nuno/Nuno/PhD/Project/GitHub Projects/GitHub Project ITC2007 - COR2015/cMA-ETP-ITC2007/lib/MainApp.cpp">
      </Unit>
      <Unit filename="/home/nuno/Nuno/PhD/Project/GitHub Projects/GitHub Project ITC2007 - COR2015/cMA-ETP-ITC2007/lib/MainAppITC2007Datasets.cpp">
      </Unit>
      <Unit filename="/home/nuno/Nuno/PhD/Project/GitHub Projects/GitHub Project ITC2007 - COR2015/cMA-ETP-ITC2007/lib/chromosome/eoChromosome.cpp">
      </Unit>
      <Unit filename="/home/nuno/Nuno/PhD/Project/GitHub Projects/GitHub Project ITC2007 - COR2015/cMA-ETP-ITC2007/lib/containers/ConflictBasedStatistics.cpp">
      </Unit>
      <Unit filename="/home/nuno/Nuno/PhD/Project/GitHub Projects/GitHub Project ITC2007 - COR2015/cMA-ETP-ITC2007/lib/containers/TimetableContainerMatrix.cpp">
      </Unit>
      <Unit filename="/home/nuno/Nuno/PhD/Project/GitHub Projects/GitHub Project ITC2007 - COR2015/cMA-ETP-ITC2007/lib/containers/VertexPriorityQueue.cpp">
      </Unit>
      <Unit filename="/home/nuno/Nuno/PhD/Project/GitHub Projects/GitHub Project ITC2007 - COR2015/cMA-ETP-ITC2007/lib/data/TimetableProblemData.cpp">
      </Unit>
      <Unit filename="/home/nuno/Nuno/PhD/Project/GitHub Projects/GitHub Project ITC2007 - COR2015/cMA-ETP-ITC2007/lib/testset/ITC2007TestSet.cpp">
      </Unit>
      <Unit filename="/home/nuno/Nuno/PhD/Project/GitHub Projects/GitHub Project ITC2007 - COR2015/cMA-ETP-ITC2007/lib/testset/TestSet.cpp">
      </Unit>
      <Unit filename="/home/nuno/Nuno/PhD/Project/GitHub Projects/GitHub Project ITC2007 - COR2015/cMA-ETP-ITC2007/lib/testset/TestSetDescription.cpp">
      </Unit>
      <Unit filename="/home/nuno/Nuno/PhD/Project/GitHub Projects/GitHub Project ITC2007 - COR2015/cMA-ETP-ITC2007/lib/utils/Common.cpp">
      </Unit>
      <Unit filename="/home/nuno/Nuno/PhD/Project/GitHub Projects/GitHub Project ITC2007 - COR2015/cMA-ETP-ITC2007/lib/utils/CurrentDateTime.cpp">
      </Unit>
      <Unit filename="/home/nuno/Nuno/PhD/Project/GitHub Projects/GitHub Project ITC2007 - COR2015/cMA-ETP-ITC2007/lib/utils/Utils.cpp">
      </Unit>
      <Unit filename="/home/nuno/Nuno/PhD/Project/GitHub Projects/GitHub Project ITC2007 - COR2015/cMA-ETP-ITC2007/lib/algorithms/eo/Crossover.h">
      </Unit>
      <Unit filename="/home/nuno/Nuno/PhD/Project/GitHub Projects/GitHub Project ITC2007 - COR2015/cMA-ETP-ITC2007/lib/algorithms/eo/Mutation.h">
      </Unit>
      <Unit filename="/home/nuno/Nuno/PhD/Project/GitHub Projects/GitHub Project ITC2007 - COR2015/cMA-ETP-ITC2007/lib/algorithms/eo/eoAlgoPointer.h">
      </Unit>
      <Unit filename="/home/nuno/Nuno/PhD/Project/GitHub Projects/GitHub Project ITC2007 - COR2015/cMA-ETP-ITC2007/lib/algorithms/eo/eoCellularEA.h">
      </Unit>
      <Unit filename="/home/nuno/Nuno/PhD/Project/GitHub Projects/GitHub Project ITC2007 - COR2015/cMA-ETP-ITC2007/lib/algorithms/eo/eoCellularEAMatrix.h">
      </Unit>
      <Unit filename="/home/nuno/Nuno/PhD/Project/GitHub Projects/GitHub Project ITC2007 - COR2015/cMA-ETP-ITC2007/lib/algorithms/eo/eoDeterministicTournamentSelectorPointer.h">
      </Unit>
      <Unit filename="/home/nuno/Nuno/PhD/Project/GitHub Projects/GitHub Project ITC2007 - COR2015/cMA-ETP-ITC2007/lib/algorithms/eo/eoGenerationContinuePopVector.h">
      </Unit>
      <Unit filename="/home/nuno/Nuno/PhD/Project/GitHub Projects/GitHub Project ITC2007 - COR2015/cMA-ETP-ITC2007/lib/algorithms/eo/eoSelectBestOne.h">
      </Unit>
      <Unit filename="/home/nuno/Nuno/PhD/Project/GitHub Projects/GitHub Project ITC2007 - COR2015/cMA-ETP-ITC2007/lib/algorithms/mo/moSimpleCoolingSchedule.h">
      </Unit>
      <Unit filename="/home/nuno/Nuno/PhD/Project/GitHub Projects/GitHub Project ITC2007 - COR2015/cMA-ETP-ITC2007/lib/algorithms/mo/moTA.h">
      </Unit>
      <Unit filename="/home/nuno/Nuno/PhD/Project/GitHub Projects/GitHub Project ITC2007 - COR2015/cMA-ETP-ITC2007/lib/algorithms/mo/moTAexplorer.h">
      </Unit>
      <Unit filename="/home/nuno/Nuno/PhD/Project/GitHub Projects/GitHub Project ITC2007 - COR2015/cMA-ETP-ITC2007/lib/chromosome/eoChromosome.h">
      </Unit>
      <Unit filename="/home/nuno/Nuno/PhD/Project/GitHub Projects/GitHub Project ITC2007 - COR2015/cMA-ETP-ITC2007/lib/containers/ColumnMatrix.h">
      </Unit>
      <Unit filename="/home/nuno/Nuno/PhD/Project/GitHub Projects/GitHub Project ITC2007 - COR2015/cMA-ETP-ITC2007/lib/containers/ConflictBasedStatistics.h">
      </Unit>
      <Unit filename="/home/nuno/Nuno/PhD/Project/GitHub Projects/GitHub Project ITC2007 - COR2015/cMA-ETP-ITC2007/lib/containers/IntMatrix.h">
      </Unit>
      <Unit filename="/home/nuno/Nuno/PhD/Project/GitHub Projects/GitHub Project ITC2007 - COR2015/cMA-ETP-ITC2007/lib/containers/Matrix.h">
      </Unit>
      <Unit filename="/home/nuno/Nuno/PhD/Project/GitHub Projects/GitHub Project ITC2007 - COR2015/cMA-ETP-ITC2007/lib/containers/TimetableContainer.h">
      </Unit>
      <Unit filename="/home/nuno/Nuno/PhD/Project/GitHub Projects/GitHub Project ITC2007 - COR2015/cMA-ETP-ITC2007/lib/containers/TimetableContainerMatrix.h">
      </Unit>
      <Unit filename="/home/nuno/Nuno/PhD/Project/GitHub Projects/GitHub Project ITC2007 - COR2015/cMA-ETP-ITC2007/lib/containers/VertexPriorityQueue.h">
      </Unit>
      <Unit filename="/home/nuno/Nuno/PhD/Project/GitHub Projects/GitHub Project ITC2007 - COR2015/cMA-ETP-ITC2007/lib/data/Constraint.hpp">
      </Unit>
      <Unit filename="/home/nuno/Nuno/PhD/Project/GitHub Projects/GitHub Project ITC2007 - COR2015/cMA-ETP-ITC2007/lib/data/ConstraintValidator.hpp">
      </Unit>
      <Unit filename="/home/nuno/Nuno/PhD/Project/GitHub Projects/GitHub Project ITC2007 - COR2015/cMA-ETP-ITC2007/lib/data/Data.h">
      </Unit>
      <Unit filename="/home/nuno/Nuno/PhD/Project/GitHub Projects/GitHub Project ITC2007 - COR2015/cMA-ETP-ITC2007/lib/data/Exam.h">
      </Unit>
      <Unit filename="/home/nuno/Nuno/PhD/Project/GitHub Projects/GitHub Project ITC2007 - COR2015/cMA-ETP-ITC2007/lib/data/ITC2007Constraints.hpp">
      </Unit>
      <Unit filename="/home/nuno/Nuno/PhD/Project/GitHub Projects/GitHub Project ITC2007 - COR2015/cMA-ETP-ITC2007/lib/data/ITC2007Period.h">
      </Unit>
      <Unit filename="/home/nuno/Nuno/PhD/Project/GitHub Projects/GitHub Project ITC2007 - COR2015/cMA-ETP-ITC2007/lib/data/Period.h">
      </Unit>
      <Unit filename="/home/nuno/Nuno/PhD/Project/GitHub Projects/GitHub Project ITC2007 - COR2015/cMA-ETP-ITC2007/lib/data/Room.h">
      </Unit>
      <Unit filename="/home/nuno/Nuno/PhD/Project/GitHub Projects/GitHub Project ITC2007 - COR2015/cMA-ETP-ITC2007/lib/data/ScheduledExam.h">
      </Unit>
      <Unit filename="/home/nuno/Nuno/PhD/Project/GitHub Projects/GitHub Project ITC2007 - COR2015/cMA-ETP-ITC2007/lib/data/ScheduledRoom.h">
      </Unit>
      <Unit filename="/home/nuno/Nuno/PhD/Project/GitHub Projects/GitHub Project ITC2007 - COR2015/cMA-ETP-ITC2007/lib/data/TimetableProblemData.hpp">
      </Unit>
      <Unit filename="/home/nuno/Nuno/PhD/Project/GitHub Projects/GitHub Project ITC2007 - COR2015/cMA-ETP-ITC2007/lib/eval/eoETTPEval.h">
      </Unit>
      <Unit filename="/home/nuno/Nuno/PhD/Project/GitHub Projects/GitHub Project ITC2007 - COR2015/cMA-ETP-ITC2007/lib/eval/eoNumberEvalsCounter.h">
      </Unit>
      <Unit filename="/home/nuno/Nuno/PhD/Project/GitHub Projects/GitHub Project ITC2007 - COR2015/cMA-ETP-ITC2007/lib/graphColouring/GraphColouringHeuristics.h">
      </Unit>
      <Unit filename="/home/nuno/Nuno/PhD/Project/GitHub Projects/GitHub Project ITC2007 - COR2015/cMA-ETP-ITC2007/lib/init/ETTPInit.h">
      </Unit>
      <Unit filename="/home/nuno/Nuno/PhD/Project/GitHub Projects/GitHub Project ITC2007 - COR2015/cMA-ETP-ITC2007/lib/kempeChain/ETTPKempeChain.h">
      </Unit>
      <Unit filename="/home/nuno/Nuno/PhD/Project/GitHub Projects/GitHub Project ITC2007 - COR2015/cMA-ETP-ITC2007/lib/kempeChain/ETTPKempeChainHeuristic.h">
      </Unit>
      <Unit filename="/home/nuno/Nuno/PhD/Project/GitHub Projects/GitHub Project ITC2007 - COR2015/cMA-ETP-ITC2007/lib/neighbourhood/ETTPNeighborhoodExplorer.h">
      </Unit>
      <Unit filename="/home/nuno/Nuno/PhD/Project/GitHub Projects/GitHub Project ITC2007 - COR2015/cMA-ETP-ITC2007/lib/neighbourhood/ETTPneighbor.h">
      </Unit>
      <Unit filename="/home/nuno/Nuno/PhD/Project/GitHub Projects/GitHub Project ITC2007 - COR2015/cMA-ETP-ITC2007/lib/neighbourhood/ETTPneighborEval.h">
      </Unit>
      <Unit filename="/home/nuno/Nuno/PhD/Project/GitHub Projects/GitHub Project ITC2007 - COR2015/cMA-ETP-ITC2007/lib/neighbourhood/ETTPneighborEvalNumEvalsCounter.h">
      </Unit>
      <Unit filename="/home/nuno/Nuno/PhD/Project/GitHub Projects/GitHub Project ITC2007 - COR2015/cMA-ETP-ITC2007/lib/neighbourhood/ETTPneighborhood.h">
      </Unit>
      <Unit filename="/home/nuno/Nuno/PhD/Project/GitHub Projects/GitHub Project ITC2007 - COR2015/cMA-ETP-ITC2007/lib/testset/ITC2007TestSet.h">
      </Unit>
      <Unit filename="/home/nuno/Nuno/PhD/Project/GitHub Projects/GitHub Project ITC2007 - COR2015/cMA-ETP-ITC2007/lib/testset/TestSet.h">
      </Unit>
      <Unit filename="/home/nuno/Nuno/PhD/Project/GitHub Projects/GitHub Project ITC2007 - COR2015/cMA-ETP-ITC2007/lib/testset/TestSetDescription.h">
      </Unit>
      <Unit filename="/home/nuno/Nuno/PhD/Project/GitHub Projects/GitHub Project ITC2007 - COR2015/cMA-ETP-ITC2007/lib/utils/Common.h">
      </Unit>
      <Unit filename="/home/nuno/Nuno/PhD/Project/GitHub Projects/GitHub Project ITC2007 - COR2015/cMA-ETP-ITC2007/lib/utils/CurrentDateTime.h">
      </Unit>
      <Unit filename="/home/nuno/Nuno/PhD/Project/GitHub Projects/GitHub Project ITC2007 - COR2015/cMA-ETP-ITC2007/lib/utils/DateTime.h">
      </Unit>
      <Unit filename="/home/nuno/Nuno/PhD/Project/GitHub Projects/GitHub Project ITC2007 - COR2015/cMA-ETP-ITC2007/CMakeLists.txt">
          <Option virtualFolder="CMake Files\" />
      </Unit>
      <Unit filename="/home/nuno/Nuno/PhD/Project/GitHub Projects/GitHub Project ITC2007 - COR2015/cMA-ETP-ITC2007/lib/CMakeLists.txt">
          <Option virtualFolder="CMake Files\lib\" />
      </Unit>
      <Unit filename="/home/nuno/Nuno/PhD/Project/GitHub Projects/GitHub Project ITC2007 - COR2015/cMA-ETP-ITC2007/lib/CMakeLists.txt">
          <Option virtualFolder="CMake Files\lib\" />
      </Unit>
      <Unit filename="/home/nuno/Nuno/PhD/Project/GitHub Projects/GitHub Project ITC2007 - COR2015/cMA-ETP-ITC2007/lib/algorithms/CMakeLists.txt">
          <Option virtualFolder="CMake Files\lib\algorithms\" />
      </Unit>
      <Unit filename="/home/nuno/Nuno/PhD/Project/GitHub Projects/GitHub Project ITC2007 - COR2015/cMA-ETP-ITC2007/lib/algorithms/CMakeLists.txt">
          <Option virtualFolder="CMake Files\lib\algorithms\" />
      </Unit>
      <Unit filename="/home/nuno/Nuno/PhD/Project/GitHub Projects/GitHub Project ITC2007 - COR2015/cMA-ETP-ITC2007/lib/chromosome/CMakeLists.txt">
          <Option virtualFolder="CMake Files\lib\chromosome\" />
      </Unit>
      <Unit filename="/home/nuno/Nuno/PhD/Project/GitHub Projects/GitHub Project ITC2007 - COR2015/cMA-ETP-ITC2007/lib/chromosome/CMakeLists.txt">
          <Option virtualFolder="CMake Files\lib\chromosome\" />
      </Unit>
      <Unit filename="/home/nuno/Nuno/PhD/Project/GitHub Projects/GitHub Project ITC2007 - COR2015/cMA-ETP-ITC2007/lib/containers/CMakeLists.txt">
          <Option virtualFolder="CMake Files\lib\containers\" />
      </Unit>
      <Unit filename="/home/nuno/Nuno/PhD/Project/GitHub Projects/GitHub Project ITC2007 - COR2015/cMA-ETP-ITC2007/lib/containers/CMakeLists.txt">
          <Option virtualFolder="CMake Files\lib\containers\" />
      </Unit>
      <Unit filename="/home/nuno/Nuno/PhD/Project/GitHub Projects/GitHub Project ITC2007 - COR2015/cMA-ETP-ITC2007/lib/data/CMakeLists.txt">
          <Option virtualFolder="CMake Files\lib\data\" />
      </Unit>
      <Unit filename="/home/nuno/Nuno/PhD/Project/GitHub Projects/GitHub Project ITC2007 - COR2015/cMA-ETP-ITC2007/lib/data/CMakeLists.txt">
          <Option virtualFolder="CMake Files\lib\data\" />
      </Unit>
      <Unit filename="/home/nuno/Nuno/PhD/Project/GitHub Projects/GitHub Project ITC2007 - COR2015/cMA-ETP-ITC2007/lib/eval/CMakeLists.txt">
          <Option virtualFolder="CMake Files\lib\eval\" />
      </Unit>
      <Unit filename="/home/nuno/Nuno/PhD/Project/GitHub Projects/GitHub Project ITC2007 - COR2015/cMA-ETP-ITC2007/lib/eval/CMakeLists.txt">
          <Option virtualFolder="CMake Files\lib\eval\" />
      </Unit>
      <Unit filename="/home/nuno/Nuno/PhD/Project/GitHub Projects/GitHub Project ITC2007 - COR2015/cMA-ETP-ITC2007/lib/graphColouring/CMakeLists.txt">
          <Option virtualFolder="CMake Files\lib\graphColouring\" />
      </Unit>
      <Unit filename="/home/nuno/Nuno/PhD/Project/GitHub Projects/GitHub Project ITC2007 - COR2015/cMA-ETP-ITC2007/lib/graphColouring/CMakeLists.txt">
          <Option virtualFolder="CMake Files\lib\graphColouring\" />
      </Unit>
      <Unit filename="/home/nuno/Nuno/PhD/Project/GitHub Projects/GitHub Project ITC2007 - COR2015/cMA-ETP-ITC2007/lib/init/CMakeLists.txt">
          <Option virtualFolder="CMake Files\lib\init\" />
      </Unit>
      <Unit filename="/home/nuno/Nuno/PhD/Project/GitHub Projects/GitHub Project ITC2007 - COR2015/cMA-ETP-ITC2007/lib/init/CMakeLists.txt">
          <Option virtualFolder="CMake Files\lib\init\" />
      </Unit>
      <Unit filename="/home/nuno/Nuno/PhD/Project/GitHub Projects/GitHub Project ITC2007 - COR2015/cMA-ETP-ITC2007/lib/kempeChain/CMakeLists.txt">
          <Option virtualFolder="CMake Files\lib\kempeChain\" />
      </Unit>
      <Unit filename="/home/nuno/Nuno/PhD/Project/GitHub Projects/GitHub Project ITC2007 - COR2015/cMA-ETP-ITC2007/lib/kempeChain/CMakeLists.txt">
          <Option virtualFolder="CMake Files\lib\kempeChain\" />
      </Unit>
      <Unit filename="/home/nuno/Nuno/PhD/Project/GitHub Projects/GitHub Project ITC2007 - COR2015/cMA-ETP-ITC2007/lib/neighbourhood/CMakeLists.txt">
          <Option virtualFolder="CMake Files\lib\neighbourhood\" />
      </Unit>
      <Unit filename="/home/nuno/Nuno/PhD/Project/GitHub Projects/GitHub Project ITC2007 - COR2015/cMA-ETP-ITC2007/lib/neighbourhood/CMakeLists.txt">
          <Option virtualFolder="CMake Files\lib\neighbourhood\" />
      </Unit>
      <Unit filename="/home/nuno/Nuno/PhD/Project/GitHub Projects/GitHub Project ITC2007 - COR2015/cMA-ETP-ITC2007/lib/testset/CMakeLists.txt">
          <Option virtualFolder="CMake Files\lib\testset\" />
      </Unit>
      <Unit filename="/home/nuno/Nuno/PhD/Project/GitHub Projects/GitHub Project ITC2007 - COR2015/cMA-ETP-ITC2007/lib/testset/CMakeLists.txt">
          <Option virtualFolder="CMake Files\lib\testset\" />
      </Unit>
      <Unit filename="/home/nuno/Nuno/PhD/Project/GitHub Projects/GitHub Project ITC2007 - COR2015/cMA-ETP-ITC2007/lib/utils/CMakeLists.txt">
          <Option virtualFolder="CMake Files\lib\utils\" />
      </Unit>
      <Unit filename="/home/nuno/Nuno/PhD/Project/GitHub Projects/GitHub Project ITC2007 - COR2015/cMA-ETP-ITC2007/lib/utils/CMakeLists.txt">
          <Option virtualFolder="CMake Files\lib\utils\" />
      </Unit>
      <Unit filename="/home/nuno/Nuno/PhD/Project/GitHub Projects/GitHub Project ITC2007 - COR2015/cMA-ETP-ITC2007/exes/CMakeLists.txt">
          <Option virtualFolder="CMake Files\exes\" />
      </Unit>
      <Unit filename="/home/nuno/Nuno/PhD/Project/GitHub Projects/GitHub Project ITC2007 - COR2015/cMA-ETP-ITC2007/exes/CMakeLists.txt">
          <Option virtualFolder="CMake Files\exes\" />
      </Unit>
   </Project>
</CodeBlocks_project_file>
